// !$*UTF8*$!
{
	archiveVersion = 1;
	classes = {
	};
	objectVersion = 46;
	objects = {

/* Begin PBXBuildFile section */
		DF05777C1DE6B54900E311C1 /* AppDelegate.swift in Sources */ = {isa = PBXBuildFile; fileRef = DF05777B1DE6B54900E311C1 /* AppDelegate.swift */; };
		DF05777E1DE6B54900E311C1 /* ViewController.swift in Sources */ = {isa = PBXBuildFile; fileRef = DF05777D1DE6B54900E311C1 /* ViewController.swift */; };
		DF0577811DE6B54900E311C1 /* Main.storyboard in Resources */ = {isa = PBXBuildFile; fileRef = DF05777F1DE6B54900E311C1 /* Main.storyboard */; };
		DF0577831DE6B54900E311C1 /* Assets.xcassets in Resources */ = {isa = PBXBuildFile; fileRef = DF0577821DE6B54900E311C1 /* Assets.xcassets */; };
		DF0577861DE6B54900E311C1 /* LaunchScreen.storyboard in Resources */ = {isa = PBXBuildFile; fileRef = DF0577841DE6B54900E311C1 /* LaunchScreen.storyboard */; };
/* End PBXBuildFile section */

/* Begin PBXFileReference section */
		DF0577781DE6B54900E311C1 /* TextInputAndDelegationSwiftDemo.app */ = {isa = PBXFileReference; explicitFileType = wrapper.application; includeInIndex = 0; path = TextInputAndDelegationSwiftDemo.app; sourceTree = BUILT_PRODUCTS_DIR; };
		DF05777B1DE6B54900E311C1 /* AppDelegate.swift */ = {isa = PBXFileReference; lastKnownFileType = sourcecode.swift; path = AppDelegate.swift; sourceTree = "<group>"; };
		DF05777D1DE6B54900E311C1 /* ViewController.swift */ = {isa = PBXFileReference; lastKnownFileType = sourcecode.swift; path = ViewController.swift; sourceTree = "<group>"; };
		DF0577801DE6B54900E311C1 /* Base */ = {isa = PBXFileReference; lastKnownFileType = file.storyboard; name = Base; path = Base.lproj/Main.storyboard; sourceTree = "<group>"; };
		DF0577821DE6B54900E311C1 /* Assets.xcassets */ = {isa = PBXFileReference; lastKnownFileType = folder.assetcatalog; path = Assets.xcassets; sourceTree = "<group>"; };
		DF0577851DE6B54900E311C1 /* Base */ = {isa = PBXFileReference; lastKnownFileType = file.storyboard; name = Base; path = Base.lproj/LaunchScreen.storyboard; sourceTree = "<group>"; };
		DF0577871DE6B54900E311C1 /* Info.plist */ = {isa = PBXFileReference; lastKnownFileType = text.plist.xml; path = Info.plist; sourceTree = "<group>"; };
/* End PBXFileReference section */

/* Begin PBXFrameworksBuildPhase section */
		DF0577751DE6B54900E311C1 /* Frameworks */ = {
			isa = PBXFrameworksBuildPhase;
			buildActionMask = 2147483647;
			files = (
			);
			runOnlyForDeploymentPostprocessing = 0;
		};
/* End PBXFrameworksBuildPhase section */

/* Begin PBXGroup section */
		DF05776F1DE6B54900E311C1 = {
			isa = PBXGroup;
			children = (
				DF05777A1DE6B54900E311C1 /* TextInputAndDelegationSwiftDemo */,
				DF0577791DE6B54900E311C1 /* Products */,
			);
			sourceTree = "<group>";
		};
		DF0577791DE6B54900E311C1 /* Products */ = {
			isa = PBXGroup;
			children = (
				DF0577781DE6B54900E311C1 /* TextInputAndDelegationSwiftDemo.app */,
			);
			name = Products;
			sourceTree = "<group>";
		};
		DF05777A1DE6B54900E311C1 /* TextInputAndDelegationSwiftDemo */ = {
			isa = PBXGroup;
			children = (
				DF05777B1DE6B54900E311C1 /* AppDelegate.swift */,
				DF05777D1DE6B54900E311C1 /* ViewController.swift */,
				DF05777F1DE6B54900E311C1 /* Main.storyboard */,
				DF0577821DE6B54900E311C1 /* Assets.xcassets */,
				DF0577841DE6B54900E311C1 /* LaunchScreen.storyboard */,
				DF0577871DE6B54900E311C1 /* Info.plist */,
			);
			path = TextInputAndDelegationSwiftDemo;
			sourceTree = "<group>";
		};
/* End PBXGroup section */

/* Begin PBXNativeTarget section */
		DF0577771DE6B54900E311C1 /* TextInputAndDelegationSwiftDemo */ = {
			isa = PBXNativeTarget;
			buildConfigurationList = DF05778A1DE6B54900E311C1 /* Build configuration list for PBXNativeTarget "TextInputAndDelegationSwiftDemo" */;
			buildPhases = (
				DF0577741DE6B54900E311C1 /* Sources */,
				DF0577751DE6B54900E311C1 /* Frameworks */,
				DF0577761DE6B54900E311C1 /* Resources */,
			);
			buildRules = (
			);
			dependencies = (
			);
			name = TextInputAndDelegationSwiftDemo;
			productName = TextInputAndDelegationSwiftDemo;
			productReference = DF0577781DE6B54900E311C1 /* TextInputAndDelegationSwiftDemo.app */;
			productType = "com.apple.product-type.application";
		};
/* End PBXNativeTarget section */

/* Begin PBXProject section */
		DF0577701DE6B54900E311C1 /* Project object */ = {
			isa = PBXProject;
			attributes = {
				LastSwiftUpdateCheck = 0800;
				LastUpgradeCheck = 0800;
				ORGANIZATIONNAME = "Nazmul Hasan";
				TargetAttributes = {
					DF0577771DE6B54900E311C1 = {
						CreatedOnToolsVersion = 8.0;
						DevelopmentTeam = UC59S33THV;
						ProvisioningStyle = Automatic;
					};
				};
			};
			buildConfigurationList = DF0577731DE6B54900E311C1 /* Build configuration list for PBXProject "TextInputAndDelegationSwiftDemo" */;
			compatibilityVersion = "Xcode 3.2";
			developmentRegion = English;
			hasScannedForEncodings = 0;
			knownRegions = (
				en,
				Base,
			);
			mainGroup = DF05776F1DE6B54900E311C1;
			productRefGroup = DF0577791DE6B54900E311C1 /* Products */;
			projectDirPath = "";
			projectRoot = "";
			targets = (
				DF0577771DE6B54900E311C1 /* TextInputAndDelegationSwiftDemo */,
			);
		};
/* End PBXProject section */

/* Begin PBXResourcesBuildPhase section */
		DF0577761DE6B54900E311C1 /* Resources */ = {
			isa = PBXResourcesBuildPhase;
			buildActionMask = 2147483647;
			files = (
				DF0577861DE6B54900E311C1 /* LaunchScreen.storyboard in Resources */,
				DF0577831DE6B54900E311C1 /* Assets.xcassets in Resources */,
				DF0577811DE6B54900E311C1 /* Main.storyboard in Resources */,
			);
			runOnlyForDeploymentPostprocessing = 0;
		};
/* End PBXResourcesBuildPhase section */

/* Begin PBXSourcesBuildPhase section */
		DF0577741DE6B54900E311C1 /* Sources */ = {
			isa = PBXSourcesBuildPhase;
			buildActionMask = 2147483647;
			files = (
				DF05777E1DE6B54900E311C1 /* ViewController.swift in Sources */,
				DF05777C1DE6B54900E311C1 /* AppDelegate.swift in Sources */,
			);
			runOnlyForDeploymentPostprocessing = 0;
		};
/* End PBXSourcesBuildPhase section */

/* Begin PBXVariantGroup section */
		DF05777F1DE6B54900E311C1 /* Main.storyboard */ = {
			isa = PBXVariantGroup;
			children = (
				DF0577801DE6B54900E311C1 /* Base */,
			);
			name = Main.storyboard;
			sourceTree = "<group>";
		};
		DF0577841DE6B54900E311C1 /* LaunchScreen.storyboard */ = {
			isa = PBXVariantGroup;
			children = (
				DF0577851DE6B54900E311C1 /* Base */,
			);
			name = LaunchScreen.storyboard;
			sourceTree = "<group>";
		};
/* End PBXVariantGroup section */

/* Begin XCBuildConfiguration section */
		DF0577881DE6B54900E311C1 /* Debug */ = {
			isa = XCBuildConfiguration;
			buildSettings = {
				ALWAYS_SEARCH_USER_PATHS = NO;
				CLANG_ANALYZER_NONNULL = YES;
				CLANG_CXX_LANGUAGE_STANDARD = "gnu++0x";
				CLANG_CXX_LIBRARY = "libc++";
				CLANG_ENABLE_MODULES = YES;
				CLANG_ENABLE_OBJC_ARC = YES;
				CLANG_WARN_BOOL_CONVERSION = YES;
				CLANG_WARN_CONSTANT_CONVERSION = YES;
				CLANG_WARN_DIRECT_OBJC_ISA_USAGE = YES_ERROR;
				CLANG_WARN_DOCUMENTATION_COMMENTS = YES;
				CLANG_WARN_EMPTY_BODY = YES;
				CLANG_WARN_ENUM_CONVERSION = YES;
				CLANG_WARN_INFINITE_RECURSION = YES;
				CLANG_WARN_INT_CONVERSION = YES;
				CLANG_WARN_OBJC_ROOT_CLASS = YES_ERROR;
				CLANG_WARN_SUSPICIOUS_MOVES = YES;
				CLANG_WARN_UNREACHABLE_CODE = YES;
				CLANG_WARN__DUPLICATE_METHOD_MATCH = YES;
				"CODE_SIGN_IDENTITY[sdk=iphoneos*]" = "iPhone Developer";
				COPY_PHASE_STRIP = NO;
				DEBUG_INFORMATION_FORMAT = dwarf;
				ENABLE_STRICT_OBJC_MSGSEND = YES;
				ENABLE_TESTABILITY = YES;
				GCC_C_LANGUAGE_STANDARD = gnu99;
				GCC_DYNAMIC_NO_PIC = NO;
				GCC_NO_COMMON_BLOCKS = YES;
				GCC_OPTIMIZATION_LEVEL = 0;
				GCC_PREPROCESSOR_DEFINITIONS = (
					"DEBUG=1",
					"$(inherited)",
				);
				GCC_WARN_64_TO_32_BIT_CONVERSION = YES;
				GCC_WARN_ABOUT_RETURN_TYPE = YES_ERROR;
				GCC_WARN_UNDECLARED_SELECTOR = YES;
				GCC_WARN_UNINITIALIZED_AUTOS = YES_AGGRESSIVE;
				GCC_WARN_UNUSED_FUNCTION = YES;
				GCC_WARN_UNUSED_VARIABLE = YES;
				IPHONEOS_DEPLOYMENT_TARGET = 10.0;
				MTL_ENABLE_DEBUG_INFO = YES;
				ONLY_ACTIVE_ARCH = YES;
				SDKROOT = iphoneos;
				SWIFT_ACTIVE_COMPILATION_CONDITIONS = DEBUG;
				SWIFT_OPTIMIZATION_LEVEL = "-Onone";
			};
			name = Debug;
		};
		DF0577891DE6B54900E311C1 /* Release */ = {
			isa = XCBuildConfiguration;
			buildSettings = {
				ALWAYS_SEARCH_USER_PATHS = NO;
				CLANG_ANALYZER_NONNULL = YES;
				CLANG_CXX_LANGUAGE_STANDARD = "gnu++0x";
				CLANG_CXX_LIBRARY = "libc++";
				CLANG_ENABLE_MODULES = YES;
				CLANG_ENABLE_OBJC_ARC = YES;
				CLANG_WARN_BOOL_CONVERSION = YES;
				CLANG_WARN_CONSTANT_CONVERSION = YES;
				CLANG_WARN_DIRECT_OBJC_ISA_USAGE = YES_ERROR;
				CLANG_WARN_DOCUMENTATION_COMMENTS = YES;
				CLANG_WARN_EMPTY_BODY = YES;
				CLANG_WARN_ENUM_CONVERSION = YES;
				CLANG_WARN_INFINITE_RECURSION = YES;
				CLANG_WARN_INT_CONVERSION = YES;
				CLANG_WARN_OBJC_ROOT_CLASS = YES_ERROR;
				CLANG_WARN_SUSPICIOUS_MOVES = YES;
				CLANG_WARN_UNREACHABLE_CODE = YES;
				CLANG_WARN__DUPLICATE_METHOD_MATCH = YES;
				"CODE_SIGN_IDENTITY[sdk=iphoneos*]" = "iPhone Developer";
				COPY_PHASE_STRIP = NO;
				DEBUG_INFORMATION_FORMAT = "dwarf-with-dsym";
				ENABLE_NS_ASSERTIONS = NO;
				ENABLE_STRICT_OBJC_MSGSEND = YES;
				GCC_C_LANGUAGE_STANDARD = gnu99;
				GCC_NO_COMMON_BLOCKS = YES;
				GCC_WARN_64_TO_32_BIT_CONVERSION = YES;
				GCC_WARN_ABOUT_RETURN_TYPE = YES_ERROR;
				GCC_WARN_UNDECLARED_SELECTOR = YES;
				GCC_WARN_UNINITIALIZED_AUTOS = YES_AGGRESSIVE;
				GCC_WARN_UNUSED_FUNCTION = YES;
				GCC_WARN_UNUSED_VARIABLE = YES;
				IPHONEOS_DEPLOYMENT_TARGET = 10.0;
				MTL_ENABLE_DEBUG_INFO = NO;
				SDKROOT = iphoneos;
				SWIFT_OPTIMIZATION_LEVEL = "-Owholemodule";
				VALIDATE_PRODUCT = YES;
			};
			name = Release;
		};
		DF05778B1DE6B54900E311C1 /* Debug */ = {
			isa = XCBuildConfiguration;
			buildSettings = {
				ASSETCATALOG_COMPILER_APPICON_NAME = AppIcon;
				DEVELOPMENT_TEAM = UC59S33THV;
				INFOPLIST_FILE = TextInputAndDelegationSwiftDemo/Info.plist;
				LD_RUNPATH_SEARCH_PATHS = "$(inherited) @executable_path/Frameworks";
				PRODUCT_BUNDLE_IDENTIFIER = com.Nazmulkp.TextInputAndDelegationSwiftDemo;
				PRODUCT_NAME = "$(TARGET_NAME)";
				SWIFT_VERSION = 3.0;
			};
			name = Debug;
		};
		DF05778C1DE6B54900E311C1 /* Release */ = {
			isa = XCBuildConfiguration;
			buildSettings = {
				ASSETCATALOG_COMPILER_APPICON_NAME = AppIcon;
				DEVELOPMENT_TEAM = UC59S33THV;
				INFOPLIST_FILE = TextInputAndDelegationSwiftDemo/Info.plist;
				LD_RUNPATH_SEARCH_PATHS = "$(inherited) @executable_path/Frameworks";
				PRODUCT_BUNDLE_IDENTIFIER = com.Nazmulkp.TextInputAndDelegationSwiftDemo;
				PRODUCT_NAME = "$(TARGET_NAME)";
				SWIFT_VERSION = 3.0;
			};
			name = Release;
		};
/* End XCBuildConfiguration section */

/* Begin XCConfigurationList section */
		DF0577731DE6B54900E311C1 /* Build configuration list for PBXProject "TextInputAndDelegationSwiftDemo" */ = {
			isa = XCConfigurationList;
			buildConfigurations = (
				DF0577881DE6B54900E311C1 /* Debug */,
				DF0577891DE6B54900E311C1 /* Release */,
			);
			defaultConfigurationIsVisible = 0;
			defaultConfigurationName = Release;
		};
		DF05778A1DE6B54900E311C1 /* Build configuration list for PBXNativeTarget "TextInputAndDelegationSwiftDemo" */ = {
			isa = XCConfigurationList;
			buildConfigurations = (
				DF05778B1DE6B54900E311C1 /* Debug */,
				DF05778C1DE6B54900E311C1 /* Release */,
			);
			defaultConfigurationIsVisible = 0;
		};
/* End XCConfigurationList section */
	};
	rootObject = DF0577701DE6B54900E311C1 /* Project object */;
}
